{
  "version": 4,
  "terraform_version": "1.2.3",
  "serial": 13,
  "lineage": "f0f2e2ad-afa2-64f3-0511-85a6ce40b8ef",
  "outputs": {},
  "resources": [
    {
      "mode": "managed",
      "type": "google_compute_disk",
      "name": "pd",
      "provider": "provider[\"registry.terraform.io/hashicorp/google\"]",
      "instances": [
        {
          "schema_version": 0,
          "attributes": {
            "creation_timestamp": "2022-07-09T19:01:36.861-07:00",
            "description": "",
            "disk_encryption_key": [],
            "id": "projects/project-main-355822/zones/us-central1-c/disks/zabbix-data",
            "image": "",
            "label_fingerprint": "XkYrqTHsMGM=",
            "labels": {
              "enviorment": "zabbix"
            },
            "last_attach_timestamp": "",
            "last_detach_timestamp": "",
            "name": "zabbix-data",
            "physical_block_size_bytes": 4096,
            "project": "project-main-355822",
            "provisioned_iops": 0,
            "self_link": "https://www.googleapis.com/compute/v1/projects/project-main-355822/zones/us-central1-c/disks/zabbix-data",
            "size": 10,
            "snapshot": "",
            "source_image_encryption_key": [],
            "source_image_id": "",
            "source_snapshot_encryption_key": [],
            "source_snapshot_id": "",
            "timeouts": null,
            "type": "pd-standard",
            "users": [],
            "zone": "us-central1-c"
          },
          "sensitive_attributes": [],
          "private": "eyJlMmJmYjczMC1lY2FhLTExZTYtOGY4OC0zNDM2M2JjN2M0YzAiOnsiY3JlYXRlIjoxMjAwMDAwMDAwMDAwLCJkZWxldGUiOjEyMDAwMDAwMDAwMDAsInVwZGF0ZSI6MTIwMDAwMDAwMDAwMH19"
        }
      ]
    },
    {
      "mode": "managed",
      "type": "google_compute_instance",
      "name": "vm_instance",
      "provider": "provider[\"registry.terraform.io/hashicorp/google\"]",
      "instances": [
        {
          "schema_version": 6,
          "attributes": {
            "advanced_machine_features": [],
            "allow_stopping_for_update": null,
            "attached_disk": [
              {
                "device_name": "data-disk-0",
                "disk_encryption_key_raw": "",
                "disk_encryption_key_sha256": "",
                "kms_key_self_link": "",
                "mode": "READ_WRITE",
                "source": "https://www.googleapis.com/compute/v1/projects/project-main-355822/zones/us-central1-c/disks/zabbix-data"
              }
            ],
            "boot_disk": [
              {
                "auto_delete": true,
                "device_name": "persistent-disk-0",
                "disk_encryption_key_raw": "",
                "disk_encryption_key_sha256": "",
                "initialize_params": [
                  {
                    "image": "https://www.googleapis.com/compute/v1/projects/cos-cloud/global/images/cos-97-16919-103-4",
                    "labels": {},
                    "size": 10,
                    "type": "pd-standard"
                  }
                ],
                "kms_key_self_link": "",
                "mode": "READ_WRITE",
                "source": "https://www.googleapis.com/compute/v1/projects/project-main-355822/zones/us-central1-c/disks/zabbix-host"
              }
            ],
            "can_ip_forward": false,
            "confidential_instance_config": [],
            "cpu_platform": "AMD Rome",
            "current_status": "RUNNING",
            "deletion_protection": false,
            "description": "",
            "desired_status": null,
            "enable_display": false,
            "guest_accelerator": [],
            "hostname": "",
            "id": "projects/project-main-355822/zones/us-central1-c/instances/zabbix-host",
            "instance_id": "27018276620437604",
            "label_fingerprint": "42WmSpB8rSM=",
            "labels": null,
            "machine_type": "e2-micro",
            "metadata": null,
            "metadata_fingerprint": "xYZ3OWhAXLs=",
            "metadata_startup_script": "# Get Docker Compose yml file \nmkdir /zabbix\nwget https://raw.githubusercontent.com/zabbix/zabbix-docker/6.2/docker-compose_v3_alpine_mysql_latest.yaml\n",
            "min_cpu_platform": "",
            "name": "zabbix-host",
            "network_interface": [
              {
                "access_config": [
                  {
                    "nat_ip": "35.202.29.84",
                    "network_tier": "PREMIUM",
                    "public_ptr_domain_name": ""
                  }
                ],
                "alias_ip_range": [],
                "ipv6_access_config": [],
                "ipv6_access_type": "",
                "name": "nic0",
                "network": "https://www.googleapis.com/compute/v1/projects/project-main-355822/global/networks/my-network",
                "network_ip": "10.128.0.2",
                "nic_type": "",
                "queue_count": 0,
                "stack_type": "IPV4_ONLY",
                "subnetwork": "https://www.googleapis.com/compute/v1/projects/project-main-355822/regions/us-central1/subnetworks/my-network",
                "subnetwork_project": "project-main-355822"
              }
            ],
            "project": "project-main-355822",
            "reservation_affinity": [],
            "resource_policies": null,
            "scheduling": [
              {
                "automatic_restart": true,
                "min_node_cpus": 0,
                "node_affinities": [],
                "on_host_maintenance": "MIGRATE",
                "preemptible": false,
                "provisioning_model": "STANDARD"
              }
            ],
            "scratch_disk": [],
            "self_link": "https://www.googleapis.com/compute/v1/projects/project-main-355822/zones/us-central1-c/instances/zabbix-host",
            "service_account": [],
            "shielded_instance_config": [
              {
                "enable_integrity_monitoring": true,
                "enable_secure_boot": false,
                "enable_vtpm": true
              }
            ],
            "tags": [
              "ssh",
              "zabix"
            ],
            "tags_fingerprint": "czNmViCZ3l0=",
            "timeouts": null,
            "zone": "us-central1-c"
          },
          "sensitive_attributes": [],
          "private": "eyJlMmJmYjczMC1lY2FhLTExZTYtOGY4OC0zNDM2M2JjN2M0YzAiOnsiY3JlYXRlIjoxMjAwMDAwMDAwMDAwLCJkZWxldGUiOjEyMDAwMDAwMDAwMDAsInVwZGF0ZSI6MTIwMDAwMDAwMDAwMH0sInNjaGVtYV92ZXJzaW9uIjoiNiJ9",
          "dependencies": [
            "google_compute_disk.pd"
          ]
        }
      ]
    },
    {
      "mode": "managed",
      "type": "google_compute_network",
      "name": "vpc_network",
      "provider": "provider[\"registry.terraform.io/hashicorp/google\"]",
      "instances": [
        {
          "schema_version": 0,
          "attributes": {
            "auto_create_subnetworks": true,
            "delete_default_routes_on_create": false,
            "description": "",
            "enable_ula_internal_ipv6": false,
            "gateway_ipv4": "",
            "id": "projects/project-main-355822/global/networks/my-network",
            "internal_ipv6_range": "",
            "mtu": 0,
            "name": "my-network",
            "project": "project-main-355822",
            "routing_mode": "REGIONAL",
            "self_link": "https://www.googleapis.com/compute/v1/projects/project-main-355822/global/networks/my-network",
            "timeouts": null
          },
          "sensitive_attributes": [],
          "private": "eyJlMmJmYjczMC1lY2FhLTExZTYtOGY4OC0zNDM2M2JjN2M0YzAiOnsiY3JlYXRlIjoxMjAwMDAwMDAwMDAwLCJkZWxldGUiOjEyMDAwMDAwMDAwMDAsInVwZGF0ZSI6MTIwMDAwMDAwMDAwMH19"
        }
      ]
    }
  ]
}
